
Microsoft Visual Studio Solution File, Format Version 12.00
# Visual Studio 15
Project("{FAE04EC0-301F-11D3-BF4B-00C04F79EFBC}") = "zed_Video_Project_V1", "zed_Video_Project_V1.csproj", "{C594EAD5-9497-B63A-C7C5-083AF1E500EF}"
EndProject
Project("{FAE04EC0-301F-11D3-BF4B-00C04F79EFBC}") = "zed_Video_Project_V1.Editor", "zed_Video_Project_V1.Editor.csproj", "{BCF7B521-50D7-2E79-E083-662899E5070D}"
EndProject
Global
	GlobalSection(SolutionConfigurationPlatforms) = preSolution
		Debug|Any CPU = Debug|Any CPU
		Release|Any CPU = Release|Any CPU
	EndGlobalSection
	GlobalSection(ProjectConfigurationPlatforms) = postSolution
		{C594EAD5-9497-B63A-C7C5-083AF1E500EF}.Debug|Any CPU.ActiveCfg = Debug|Any CPU
		{C594EAD5-9497-B63A-C7C5-083AF1E500EF}.Debug|Any CPU.Build.0 = Debug|Any CPU
		{C594EAD5-9497-B63A-C7C5-083AF1E500EF}.Release|Any CPU.ActiveCfg = Release|Any CPU
		{C594EAD5-9497-B63A-C7C5-083AF1E500EF}.Release|Any CPU.Build.0 = Release|Any CPU
		{BCF7B521-50D7-2E79-E083-662899E5070D}.Debug|Any CPU.ActiveCfg = Debug|Any CPU
		{BCF7B521-50D7-2E79-E083-662899E5070D}.Debug|Any CPU.Build.0 = Debug|Any CPU
		{BCF7B521-50D7-2E79-E083-662899E5070D}.Release|Any CPU.ActiveCfg = Release|Any CPU
		{BCF7B521-50D7-2E79-E083-662899E5070D}.Release|Any CPU.Build.0 = Release|Any CPU
	EndGlobalSection
	GlobalSection(SolutionProperties) = preSolution
		HideSolutionNode = FALSE
	EndGlobalSection
EndGlobal
